
Microsoft Visual Studio Solution File, Format Version 12.00
# Visual Studio Version 17
VisualStudioVersion = 17.0.31903.59
MinimumVisualStudioVersion = 10.0.40219.1
Project("{2150E333-8FDC-42A3-9474-1A3956D46DE8}") = "src", "src", "{60C17103-7746-4C08-9A8F-46A17D473396}"
EndProject
Project("{FAE04EC0-301F-11D3-BF4B-00C04F79EFBC}") = "PinArchiverBot", "src\PinArchiverBot\PinArchiverBot.csproj", "{301D4FE6-B246-4F24-85A6-8937AA4693BF}"
EndProject
Global
	GlobalSection(SolutionConfigurationPlatforms) = preSolution
		Debug|Any CPU = Debug|Any CPU
		Release|Any CPU = Release|Any CPU
	EndGlobalSection
	GlobalSection(SolutionProperties) = preSolution
		HideSolutionNode = FALSE
	EndGlobalSection
	GlobalSection(ProjectConfigurationPlatforms) = postSolution
		{301D4FE6-B246-4F24-85A6-8937AA4693BF}.Debug|Any CPU.ActiveCfg = Debug|Any CPU
		{301D4FE6-B246-4F24-85A6-8937AA4693BF}.Debug|Any CPU.Build.0 = Debug|Any CPU
		{301D4FE6-B246-4F24-85A6-8937AA4693BF}.Release|Any CPU.ActiveCfg = Release|Any CPU
		{301D4FE6-B246-4F24-85A6-8937AA4693BF}.Release|Any CPU.Build.0 = Release|Any CPU
	EndGlobalSection
	GlobalSection(NestedProjects) = preSolution
		{301D4FE6-B246-4F24-85A6-8937AA4693BF} = {60C17103-7746-4C08-9A8F-46A17D473396}
	EndGlobalSection
EndGlobal
